
Microsoft Visual Studio Solution File, Format Version 12.00
# Visual Studio Version 16
VisualStudioVersion = 16.0.31729.503
MinimumVisualStudioVersion = 10.0.40219.1
Project("{FAE04EC0-301F-11D3-BF4B-00C04F79EFBC}") = "lesson_2.1", "lesson_2.1\lesson_2.1.csproj", "{BADD8C8D-F061-4994-A14B-7C79346EDE26}"
EndProject
Project("{FAE04EC0-301F-11D3-BF4B-00C04F79EFBC}") = "lesson_1", "lesson_1\lesson_1.csproj", "{278733FA-50E6-445A-9461-6BE3C589F06D}"
EndProject
Project("{FAE04EC0-301F-11D3-BF4B-00C04F79EFBC}") = "lesson_2.2", "lesson_2.2\lesson_2.2.csproj", "{EBC1BD9B-661F-43B2-9787-B45A7BC202E0}"
EndProject
Project("{FAE04EC0-301F-11D3-BF4B-00C04F79EFBC}") = "lesson_2.3", "lesson_2.3\lesson_2.3.csproj", "{5A3D8F61-4D18-4CF1-B9D8-FDD99643A002}"
EndProject
Project("{FAE04EC0-301F-11D3-BF4B-00C04F79EFBC}") = "lesson_2.4", "lesson_2.4\lesson_2.4.csproj", "{3903870B-CE9C-4A79-ACAD-B337023D09C9}"
EndProject
Project("{FAE04EC0-301F-11D3-BF4B-00C04F79EFBC}") = "lesson_2.5", "lesson_2.5\lesson_2.5.csproj", "{1319F387-2C99-47AD-808D-B4748A622096}"
EndProject
Project("{FAE04EC0-301F-11D3-BF4B-00C04F79EFBC}") = "lesson_2.6", "lesson_2.6\lesson_2.6.csproj", "{A1774659-18F7-47F2-A89B-27E308FE022F}"
EndProject
Project("{FAE04EC0-301F-11D3-BF4B-00C04F79EFBC}") = "lesson_3.1", "lesson_3.1\lesson_3.1.csproj", "{48A41170-6505-4CE2-8F61-717581F4B12B}"
EndProject
Project("{FAE04EC0-301F-11D3-BF4B-00C04F79EFBC}") = "lesson_3.2", "lesson_3.2\lesson_3.2.csproj", "{6C5E4DA7-2FEE-492C-8378-04B65D660239}"
EndProject
Project("{FAE04EC0-301F-11D3-BF4B-00C04F79EFBC}") = "lesson_3.3", "lesson_3.3\lesson_3.3.csproj", "{F1100263-515C-40D3-B087-41CC1F157AA8}"
EndProject
Project("{FAE04EC0-301F-11D3-BF4B-00C04F79EFBC}") = "lesson_3.4", "lesson_3.4\lesson_3.4.csproj", "{76A7BEDF-22FB-47E8-A05F-FD2EDA6E58D9}"
EndProject
Project("{FAE04EC0-301F-11D3-BF4B-00C04F79EFBC}") = "lesson_4.1", "lesson_4.1\lesson_4.1.csproj", "{5FEF6E9B-8116-4376-86C6-5145A5478A35}"
EndProject
Project("{FAE04EC0-301F-11D3-BF4B-00C04F79EFBC}") = "lesson_4.2", "lesson_4.2\lesson_4.2.csproj", "{72244677-4032-44C6-B2B4-B730668A1D1A}"
EndProject
Project("{FAE04EC0-301F-11D3-BF4B-00C04F79EFBC}") = "lesson_4.3", "lesson_4.3\lesson_4.3.csproj", "{4FA8CE20-7BBB-4D76-897B-7C6FC0E12DC3}"
EndProject
Project("{FAE04EC0-301F-11D3-BF4B-00C04F79EFBC}") = "lesson_4.4", "lesson_4.4\lesson_4.4.csproj", "{96F7D532-AA19-486A-87B3-9DBEF6A54F24}"
EndProject
Project("{FAE04EC0-301F-11D3-BF4B-00C04F79EFBC}") = "lesson_5.1", "lesson_5.1\lesson_5.1.csproj", "{F660611E-B4CB-4F56-B41E-5F4FD9E29CAF}"
EndProject
Project("{FAE04EC0-301F-11D3-BF4B-00C04F79EFBC}") = "lesson_5.2", "lesson_5.2\lesson_5.2.csproj", "{BC4E81F0-7DBA-4C8F-9276-861FB33F0625}"
EndProject
Project("{FAE04EC0-301F-11D3-BF4B-00C04F79EFBC}") = "lesson_5.3", "lesson_5.3\lesson_5.3.csproj", "{BB90C4B7-56FC-4EFD-B9CE-E8C260C3929E}"
EndProject
Project("{FAE04EC0-301F-11D3-BF4B-00C04F79EFBC}") = "lesson_6", "lesson_6\lesson_6.csproj", "{18453FDD-1EFC-428C-ADF4-761C1B70AC29}"
EndProject
Project("{FAE04EC0-301F-11D3-BF4B-00C04F79EFBC}") = "lesson_7", "lesson_7\lesson_7.csproj", "{070E59CB-2D99-43EB-8FB2-479B72E67271}"
EndProject
Global
	GlobalSection(SolutionConfigurationPlatforms) = preSolution
		Debug|Any CPU = Debug|Any CPU
		Release|Any CPU = Release|Any CPU
	EndGlobalSection
	GlobalSection(ProjectConfigurationPlatforms) = postSolution
		{BADD8C8D-F061-4994-A14B-7C79346EDE26}.Debug|Any CPU.ActiveCfg = Debug|Any CPU
		{BADD8C8D-F061-4994-A14B-7C79346EDE26}.Debug|Any CPU.Build.0 = Debug|Any CPU
		{BADD8C8D-F061-4994-A14B-7C79346EDE26}.Release|Any CPU.ActiveCfg = Release|Any CPU
		{BADD8C8D-F061-4994-A14B-7C79346EDE26}.Release|Any CPU.Build.0 = Release|Any CPU
		{278733FA-50E6-445A-9461-6BE3C589F06D}.Debug|Any CPU.ActiveCfg = Debug|Any CPU
		{278733FA-50E6-445A-9461-6BE3C589F06D}.Debug|Any CPU.Build.0 = Debug|Any CPU
		{278733FA-50E6-445A-9461-6BE3C589F06D}.Release|Any CPU.ActiveCfg = Release|Any CPU
		{278733FA-50E6-445A-9461-6BE3C589F06D}.Release|Any CPU.Build.0 = Release|Any CPU
		{EBC1BD9B-661F-43B2-9787-B45A7BC202E0}.Debug|Any CPU.ActiveCfg = Debug|Any CPU
		{EBC1BD9B-661F-43B2-9787-B45A7BC202E0}.Debug|Any CPU.Build.0 = Debug|Any CPU
		{EBC1BD9B-661F-43B2-9787-B45A7BC202E0}.Release|Any CPU.ActiveCfg = Release|Any CPU
		{EBC1BD9B-661F-43B2-9787-B45A7BC202E0}.Release|Any CPU.Build.0 = Release|Any CPU
		{5A3D8F61-4D18-4CF1-B9D8-FDD99643A002}.Debug|Any CPU.ActiveCfg = Debug|Any CPU
		{5A3D8F61-4D18-4CF1-B9D8-FDD99643A002}.Debug|Any CPU.Build.0 = Debug|Any CPU
		{5A3D8F61-4D18-4CF1-B9D8-FDD99643A002}.Release|Any CPU.ActiveCfg = Release|Any CPU
		{5A3D8F61-4D18-4CF1-B9D8-FDD99643A002}.Release|Any CPU.Build.0 = Release|Any CPU
		{3903870B-CE9C-4A79-ACAD-B337023D09C9}.Debug|Any CPU.ActiveCfg = Debug|Any CPU
		{3903870B-CE9C-4A79-ACAD-B337023D09C9}.Debug|Any CPU.Build.0 = Debug|Any CPU
		{3903870B-CE9C-4A79-ACAD-B337023D09C9}.Release|Any CPU.ActiveCfg = Release|Any CPU
		{3903870B-CE9C-4A79-ACAD-B337023D09C9}.Release|Any CPU.Build.0 = Release|Any CPU
		{1319F387-2C99-47AD-808D-B4748A622096}.Debug|Any CPU.ActiveCfg = Debug|Any CPU
		{1319F387-2C99-47AD-808D-B4748A622096}.Debug|Any CPU.Build.0 = Debug|Any CPU
		{1319F387-2C99-47AD-808D-B4748A622096}.Release|Any CPU.ActiveCfg = Release|Any CPU
		{1319F387-2C99-47AD-808D-B4748A622096}.Release|Any CPU.Build.0 = Release|Any CPU
		{A1774659-18F7-47F2-A89B-27E308FE022F}.Debug|Any CPU.ActiveCfg = Debug|Any CPU
		{A1774659-18F7-47F2-A89B-27E308FE022F}.Debug|Any CPU.Build.0 = Debug|Any CPU
		{A1774659-18F7-47F2-A89B-27E308FE022F}.Release|Any CPU.ActiveCfg = Release|Any CPU
		{A1774659-18F7-47F2-A89B-27E308FE022F}.Release|Any CPU.Build.0 = Release|Any CPU
		{48A41170-6505-4CE2-8F61-717581F4B12B}.Debug|Any CPU.ActiveCfg = Debug|Any CPU
		{48A41170-6505-4CE2-8F61-717581F4B12B}.Debug|Any CPU.Build.0 = Debug|Any CPU
		{48A41170-6505-4CE2-8F61-717581F4B12B}.Release|Any CPU.ActiveCfg = Release|Any CPU
		{48A41170-6505-4CE2-8F61-717581F4B12B}.Release|Any CPU.Build.0 = Release|Any CPU
		{6C5E4DA7-2FEE-492C-8378-04B65D660239}.Debug|Any CPU.ActiveCfg = Debug|Any CPU
		{6C5E4DA7-2FEE-492C-8378-04B65D660239}.Debug|Any CPU.Build.0 = Debug|Any CPU
		{6C5E4DA7-2FEE-492C-8378-04B65D660239}.Release|Any CPU.ActiveCfg = Release|Any CPU
		{6C5E4DA7-2FEE-492C-8378-04B65D660239}.Release|Any CPU.Build.0 = Release|Any CPU
		{F1100263-515C-40D3-B087-41CC1F157AA8}.Debug|Any CPU.ActiveCfg = Debug|Any CPU
		{F1100263-515C-40D3-B087-41CC1F157AA8}.Debug|Any CPU.Build.0 = Debug|Any CPU
		{F1100263-515C-40D3-B087-41CC1F157AA8}.Release|Any CPU.ActiveCfg = Release|Any CPU
		{F1100263-515C-40D3-B087-41CC1F157AA8}.Release|Any CPU.Build.0 = Release|Any CPU
		{76A7BEDF-22FB-47E8-A05F-FD2EDA6E58D9}.Debug|Any CPU.ActiveCfg = Debug|Any CPU
		{76A7BEDF-22FB-47E8-A05F-FD2EDA6E58D9}.Debug|Any CPU.Build.0 = Debug|Any CPU
		{76A7BEDF-22FB-47E8-A05F-FD2EDA6E58D9}.Release|Any CPU.ActiveCfg = Release|Any CPU
		{76A7BEDF-22FB-47E8-A05F-FD2EDA6E58D9}.Release|Any CPU.Build.0 = Release|Any CPU
		{5FEF6E9B-8116-4376-86C6-5145A5478A35}.Debug|Any CPU.ActiveCfg = Debug|Any CPU
		{5FEF6E9B-8116-4376-86C6-5145A5478A35}.Debug|Any CPU.Build.0 = Debug|Any CPU
		{5FEF6E9B-8116-4376-86C6-5145A5478A35}.Release|Any CPU.ActiveCfg = Release|Any CPU
		{5FEF6E9B-8116-4376-86C6-5145A5478A35}.Release|Any CPU.Build.0 = Release|Any CPU
		{72244677-4032-44C6-B2B4-B730668A1D1A}.Debug|Any CPU.ActiveCfg = Debug|Any CPU
		{72244677-4032-44C6-B2B4-B730668A1D1A}.Debug|Any CPU.Build.0 = Debug|Any CPU
		{72244677-4032-44C6-B2B4-B730668A1D1A}.Release|Any CPU.ActiveCfg = Release|Any CPU
		{72244677-4032-44C6-B2B4-B730668A1D1A}.Release|Any CPU.Build.0 = Release|Any CPU
		{4FA8CE20-7BBB-4D76-897B-7C6FC0E12DC3}.Debug|Any CPU.ActiveCfg = Debug|Any CPU
		{4FA8CE20-7BBB-4D76-897B-7C6FC0E12DC3}.Debug|Any CPU.Build.0 = Debug|Any CPU
		{4FA8CE20-7BBB-4D76-897B-7C6FC0E12DC3}.Release|Any CPU.ActiveCfg = Release|Any CPU
		{4FA8CE20-7BBB-4D76-897B-7C6FC0E12DC3}.Release|Any CPU.Build.0 = Release|Any CPU
		{96F7D532-AA19-486A-87B3-9DBEF6A54F24}.Debug|Any CPU.ActiveCfg = Debug|Any CPU
		{96F7D532-AA19-486A-87B3-9DBEF6A54F24}.Debug|Any CPU.Build.0 = Debug|Any CPU
		{96F7D532-AA19-486A-87B3-9DBEF6A54F24}.Release|Any CPU.ActiveCfg = Release|Any CPU
		{96F7D532-AA19-486A-87B3-9DBEF6A54F24}.Release|Any CPU.Build.0 = Release|Any CPU
		{F660611E-B4CB-4F56-B41E-5F4FD9E29CAF}.Debug|Any CPU.ActiveCfg = Debug|Any CPU
		{F660611E-B4CB-4F56-B41E-5F4FD9E29CAF}.Debug|Any CPU.Build.0 = Debug|Any CPU
		{F660611E-B4CB-4F56-B41E-5F4FD9E29CAF}.Release|Any CPU.ActiveCfg = Release|Any CPU
		{F660611E-B4CB-4F56-B41E-5F4FD9E29CAF}.Release|Any CPU.Build.0 = Release|Any CPU
		{BC4E81F0-7DBA-4C8F-9276-861FB33F0625}.Debug|Any CPU.ActiveCfg = Debug|Any CPU
		{BC4E81F0-7DBA-4C8F-9276-861FB33F0625}.Debug|Any CPU.Build.0 = Debug|Any CPU
		{BC4E81F0-7DBA-4C8F-9276-861FB33F0625}.Release|Any CPU.ActiveCfg = Release|Any CPU
		{BC4E81F0-7DBA-4C8F-9276-861FB33F0625}.Release|Any CPU.Build.0 = Release|Any CPU
		{BB90C4B7-56FC-4EFD-B9CE-E8C260C3929E}.Debug|Any CPU.ActiveCfg = Debug|Any CPU
		{BB90C4B7-56FC-4EFD-B9CE-E8C260C3929E}.Debug|Any CPU.Build.0 = Debug|Any CPU
		{BB90C4B7-56FC-4EFD-B9CE-E8C260C3929E}.Release|Any CPU.ActiveCfg = Release|Any CPU
		{BB90C4B7-56FC-4EFD-B9CE-E8C260C3929E}.Release|Any CPU.Build.0 = Release|Any CPU
		{18453FDD-1EFC-428C-ADF4-761C1B70AC29}.Debug|Any CPU.ActiveCfg = Debug|Any CPU
		{18453FDD-1EFC-428C-ADF4-761C1B70AC29}.Debug|Any CPU.Build.0 = Debug|Any CPU
		{18453FDD-1EFC-428C-ADF4-761C1B70AC29}.Release|Any CPU.ActiveCfg = Release|Any CPU
		{18453FDD-1EFC-428C-ADF4-761C1B70AC29}.Release|Any CPU.Build.0 = Release|Any CPU
		{070E59CB-2D99-43EB-8FB2-479B72E67271}.Debug|Any CPU.ActiveCfg = Debug|Any CPU
		{070E59CB-2D99-43EB-8FB2-479B72E67271}.Debug|Any CPU.Build.0 = Debug|Any CPU
		{070E59CB-2D99-43EB-8FB2-479B72E67271}.Release|Any CPU.ActiveCfg = Release|Any CPU
		{070E59CB-2D99-43EB-8FB2-479B72E67271}.Release|Any CPU.Build.0 = Release|Any CPU
	EndGlobalSection
	GlobalSection(SolutionProperties) = preSolution
		HideSolutionNode = FALSE
	EndGlobalSection
	GlobalSection(ExtensibilityGlobals) = postSolution
		SolutionGuid = {E8FB6D2A-4267-46EA-BA41-3EC87D8AD87A}
	EndGlobalSection
EndGlobal
